
Microsoft Visual Studio Solution File, Format Version 12.00
# Visual Studio Version 17
VisualStudioVersion = 17.11.35208.52
MinimumVisualStudioVersion = 10.0.40219.1
Project("{FAE04EC0-301F-11D3-BF4B-00C04F79EFBC}") = "TeamGitapp3", "TeamGitapp3\TeamGitapp3.csproj", "{0DDCF2A7-1753-4361-ACA9-074B749070A7}"
EndProject
Global
	GlobalSection(SolutionConfigurationPlatforms) = preSolution
		Debug|Any CPU = Debug|Any CPU
		Release|Any CPU = Release|Any CPU
	EndGlobalSection
	GlobalSection(ProjectConfigurationPlatforms) = postSolution
		{0DDCF2A7-1753-4361-ACA9-074B749070A7}.Debug|Any CPU.ActiveCfg = Debug|Any CPU
		{0DDCF2A7-1753-4361-ACA9-074B749070A7}.Debug|Any CPU.Build.0 = Debug|Any CPU
		{0DDCF2A7-1753-4361-ACA9-074B749070A7}.Release|Any CPU.ActiveCfg = Release|Any CPU
		{0DDCF2A7-1753-4361-ACA9-074B749070A7}.Release|Any CPU.Build.0 = Release|Any CPU
	EndGlobalSection
	GlobalSection(SolutionProperties) = preSolution
		HideSolutionNode = FALSE
	EndGlobalSection
	GlobalSection(ExtensibilityGlobals) = postSolution
		SolutionGuid = {E41E917D-91E6-4DC3-80F8-3DC7E351EAC7}
	EndGlobalSection
EndGlobal
