
Microsoft Visual Studio Solution File, Format Version 12.00
# Visual Studio Version 17
VisualStudioVersion = 17.11.35208.52
MinimumVisualStudioVersion = 10.0.40219.1
Project("{FAE04EC0-301F-11D3-BF4B-00C04F79EFBC}") = "TeamGitapp4", "TeamGitapp4\TeamGitapp4.csproj", "{53642BD2-9B57-435B-B78F-D2102A89BDBD}"
EndProject
Global
	GlobalSection(SolutionConfigurationPlatforms) = preSolution
		Debug|Any CPU = Debug|Any CPU
		Release|Any CPU = Release|Any CPU
	EndGlobalSection
	GlobalSection(ProjectConfigurationPlatforms) = postSolution
		{53642BD2-9B57-435B-B78F-D2102A89BDBD}.Debug|Any CPU.ActiveCfg = Debug|Any CPU
		{53642BD2-9B57-435B-B78F-D2102A89BDBD}.Debug|Any CPU.Build.0 = Debug|Any CPU
		{53642BD2-9B57-435B-B78F-D2102A89BDBD}.Release|Any CPU.ActiveCfg = Release|Any CPU
		{53642BD2-9B57-435B-B78F-D2102A89BDBD}.Release|Any CPU.Build.0 = Release|Any CPU
	EndGlobalSection
	GlobalSection(SolutionProperties) = preSolution
		HideSolutionNode = FALSE
	EndGlobalSection
	GlobalSection(ExtensibilityGlobals) = postSolution
		SolutionGuid = {0767720C-9A11-4644-BD63-8A6D91F673AC}
	EndGlobalSection
EndGlobal
